
Microsoft Visual Studio Solution File, Format Version 12.00
# Visual Studio Version 17
VisualStudioVersion = 17.10.35027.167
MinimumVisualStudioVersion = 10.0.40219.1
Project("{FAE04EC0-301F-11D3-BF4B-00C04F79EFBC}") = "Laboratory Exercise Try-Catch", "Laboratory Exercise Try-Catch\Laboratory Exercise Try-Catch.csproj", "{7BA64B0E-B44C-444C-8DDA-BDD7E609E250}"
EndProject
Global
	GlobalSection(SolutionConfigurationPlatforms) = preSolution
		Debug|Any CPU = Debug|Any CPU
		Release|Any CPU = Release|Any CPU
	EndGlobalSection
	GlobalSection(ProjectConfigurationPlatforms) = postSolution
		{7BA64B0E-B44C-444C-8DDA-BDD7E609E250}.Debug|Any CPU.ActiveCfg = Debug|Any CPU
		{7BA64B0E-B44C-444C-8DDA-BDD7E609E250}.Debug|Any CPU.Build.0 = Debug|Any CPU
		{7BA64B0E-B44C-444C-8DDA-BDD7E609E250}.Release|Any CPU.ActiveCfg = Release|Any CPU
		{7BA64B0E-B44C-444C-8DDA-BDD7E609E250}.Release|Any CPU.Build.0 = Release|Any CPU
	EndGlobalSection
	GlobalSection(SolutionProperties) = preSolution
		HideSolutionNode = FALSE
	EndGlobalSection
	GlobalSection(ExtensibilityGlobals) = postSolution
		SolutionGuid = {FFCEE4C2-9656-44FA-9067-B423D9D0EACE}
	EndGlobalSection
EndGlobal
